
Microsoft Visual Studio Solution File, Format Version 12.00
# Visual Studio Version 17
VisualStudioVersion = 17.14.36221.1 d17.14
MinimumVisualStudioVersion = 10.0.40219.1
Project("{FAE04EC0-301F-11D3-BF4B-00C04F79EFBC}") = "q3", "q3.csproj", "{A5715D1A-FC7A-4975-B79A-B5394EC839A1}"
EndProject
Global
	GlobalSection(SolutionConfigurationPlatforms) = preSolution
		Debug|Any CPU = Debug|Any CPU
		Release|Any CPU = Release|Any CPU
	EndGlobalSection
	GlobalSection(ProjectConfigurationPlatforms) = postSolution
		{A5715D1A-FC7A-4975-B79A-B5394EC839A1}.Debug|Any CPU.ActiveCfg = Debug|Any CPU
		{A5715D1A-FC7A-4975-B79A-B5394EC839A1}.Debug|Any CPU.Build.0 = Debug|Any CPU
		{A5715D1A-FC7A-4975-B79A-B5394EC839A1}.Release|Any CPU.ActiveCfg = Release|Any CPU
		{A5715D1A-FC7A-4975-B79A-B5394EC839A1}.Release|Any CPU.Build.0 = Release|Any CPU
	EndGlobalSection
	GlobalSection(SolutionProperties) = preSolution
		HideSolutionNode = FALSE
	EndGlobalSection
	GlobalSection(ExtensibilityGlobals) = postSolution
		SolutionGuid = {0C5E909A-F6C8-410E-B3F8-3CEF413A4CC8}
	EndGlobalSection
EndGlobal
