
Microsoft Visual Studio Solution File, Format Version 12.00
# Visual Studio Version 17
VisualStudioVersion = 17.14.36310.24 d17.14
MinimumVisualStudioVersion = 10.0.40219.1
Project("{FAE04EC0-301F-11D3-BF4B-00C04F79EFBC}") = "q6", "q6\q6.csproj", "{CB794B21-036A-4E4E-A5F4-4610783275F8}"
EndProject
Global
	GlobalSection(SolutionConfigurationPlatforms) = preSolution
		Debug|Any CPU = Debug|Any CPU
		Release|Any CPU = Release|Any CPU
	EndGlobalSection
	GlobalSection(ProjectConfigurationPlatforms) = postSolution
		{CB794B21-036A-4E4E-A5F4-4610783275F8}.Debug|Any CPU.ActiveCfg = Debug|Any CPU
		{CB794B21-036A-4E4E-A5F4-4610783275F8}.Debug|Any CPU.Build.0 = Debug|Any CPU
		{CB794B21-036A-4E4E-A5F4-4610783275F8}.Release|Any CPU.ActiveCfg = Release|Any CPU
		{CB794B21-036A-4E4E-A5F4-4610783275F8}.Release|Any CPU.Build.0 = Release|Any CPU
	EndGlobalSection
	GlobalSection(SolutionProperties) = preSolution
		HideSolutionNode = FALSE
	EndGlobalSection
	GlobalSection(ExtensibilityGlobals) = postSolution
		SolutionGuid = {C2FA44E4-9927-4F44-80D8-7BE523DA238C}
	EndGlobalSection
EndGlobal
